
Microsoft Visual Studio Solution File, Format Version 12.00
# Visual Studio Version 17
VisualStudioVersion = 17.14.36518.9
MinimumVisualStudioVersion = 10.0.40219.1
Project("{2150E333-8FDC-42A3-9474-1A3956D46DE8}") = "Task0", "Task0", "{02EA681E-C7D8-13C7-8484-4AC65E1B71E8}"
EndProject
Project("{FAE04EC0-301F-11D3-BF4B-00C04F79EFBC}") = "Tyuiu.KoryakinaAE.Sprint1.Task0.V16", "Tyuiu.KoryakinaAE.Sprint1.Task0.V16\Tyuiu.KoryakinaAE.Sprint1.Task0.V16.csproj", "{14EC48BF-09FC-4B7C-9BDE-77B0ABF4816F}"
EndProject
Project("{FAE04EC0-301F-11D3-BF4B-00C04F79EFBC}") = "Tyuiu.KoryakinaAE.Sprint1.Task0.V16.Lib", "Tyuiu.KoryakinaAE.Sprint1.Task0.V16.Lib\Tyuiu.KoryakinaAE.Sprint1.Task0.V16.Lib.csproj", "{6AB44203-882D-4EA5-BC20-BCEDE849CF54}"
EndProject
Project("{FAE04EC0-301F-11D3-BF4B-00C04F79EFBC}") = "Tyuiu.KoryakinaAE.Sprint1.Task0.V16.Test", "Tyuiu.KoryakinaAE.Sprint1.Task0.V16.Test\Tyuiu.KoryakinaAE.Sprint1.Task0.V16.Test.csproj", "{8680C2E3-2FBE-40CC-AAAF-D2F135D79DEA}"
EndProject
Project("{2150E333-8FDC-42A3-9474-1A3956D46DE8}") = "Task1", "Task1", "{BEB0A90C-7F1F-4842-9C65-E3894C74749E}"
EndProject
Project("{FAE04EC0-301F-11D3-BF4B-00C04F79EFBC}") = "Tyuiu.KoryakinaAE.Sprint1.Task1.V15", "Tyuiu.KoryakinaAE.Sprint1.Task1.V15\Tyuiu.KoryakinaAE.Sprint1.Task1.V15.csproj", "{6AE64117-02EF-41F7-A549-C4F4525CC256}"
EndProject
Project("{FAE04EC0-301F-11D3-BF4B-00C04F79EFBC}") = "Tyuiu.KoryakinaAE.Sprint1.Task1.V15.Lib", "Tyuiu.KoryakinaAE.Sprint1.Task1.V15.Lib\Tyuiu.KoryakinaAE.Sprint1.Task1.V15.Lib.csproj", "{5F572C4E-5B7A-4582-883B-FFE359950CD8}"
EndProject
Project("{FAE04EC0-301F-11D3-BF4B-00C04F79EFBC}") = "Tyuiu.KoryakinaAE.Sprint1.Task1.V15.Test", "Tyuiu.KoryakinaAE.Sprint1.Task1.V15.Test\Tyuiu.KoryakinaAE.Sprint1.Task1.V15.Test.csproj", "{19E9937E-1E0D-4202-972E-C0F930A2D1B7}"
EndProject
Project("{2150E333-8FDC-42A3-9474-1A3956D46DE8}") = "Task2", "Task2", "{37FF7B9D-2FA1-45BA-870D-92AF0D9DB710}"
EndProject
Project("{FAE04EC0-301F-11D3-BF4B-00C04F79EFBC}") = "Tyuiu.KoryakinaAE.Sprint1.Task2.V7", "Tyuiu.KoryakinaAE.Sprint1.Task2.V7\Tyuiu.KoryakinaAE.Sprint1.Task2.V7.csproj", "{590CD72A-20F2-4E62-91FD-D26A7D40EE56}"
EndProject
Project("{FAE04EC0-301F-11D3-BF4B-00C04F79EFBC}") = "Tyuiu.KoryakinaAE.Sprint1.Task2.V7.Lib", "Tyuiu.KoryakinaAE.Sprint1.Task2.V7.Lib\Tyuiu.KoryakinaAE.Sprint1.Task2.V7.Lib.csproj", "{15A3EA0C-3D16-4A49-B2BE-C289610C4CB4}"
EndProject
Project("{FAE04EC0-301F-11D3-BF4B-00C04F79EFBC}") = "Tyuiu.KoryakinaAE.Sprint1.Task2.V7.Test", "Tyuiu.KoryakinaAE.Sprint1.Task2.V7.Test\Tyuiu.KoryakinaAE.Sprint1.Task2.V7.Test.csproj", "{270EF55D-D13F-4ECE-AAC1-3DD0D167803C}"
EndProject
Project("{2150E333-8FDC-42A3-9474-1A3956D46DE8}") = "Task3", "Task3", "{C69611AB-B8B8-457C-9161-795E18AC97FC}"
EndProject
Project("{FAE04EC0-301F-11D3-BF4B-00C04F79EFBC}") = "Tyuiu.KoryakinaAE.Sprint1.Task3.V17", "Tyuiu.KoryakinaAE.Sprint1.Task3.V17\Tyuiu.KoryakinaAE.Sprint1.Task3.V17.csproj", "{CC8986CB-5888-4C48-8CEC-FE7C7958883E}"
EndProject
Project("{FAE04EC0-301F-11D3-BF4B-00C04F79EFBC}") = "Tyuiu.KoryakinaAE.Sprint1.Task3.V17.Lib", "Tyuiu.KoryakinaAE.Sprint1.Task3.V17.Lib\Tyuiu.KoryakinaAE.Sprint1.Task3.V17.Lib.csproj", "{2EF76874-C6CA-412B-B29B-A8D0B535463A}"
EndProject
Project("{FAE04EC0-301F-11D3-BF4B-00C04F79EFBC}") = "Tyuiu.KoryakinaAE.Sprint1.Task3.V17.Test", "Tyuiu.KoryakinaAE.Sprint1.Task3.V17.Test\Tyuiu.KoryakinaAE.Sprint1.Task3.V17.Test.csproj", "{B0A911B3-A7A0-460B-B794-FC0B6D468891}"
EndProject
Project("{2150E333-8FDC-42A3-9474-1A3956D46DE8}") = "Task4", "Task4", "{8468931D-471D-4DFE-A1AA-D88D9EB3DA65}"
EndProject
Project("{FAE04EC0-301F-11D3-BF4B-00C04F79EFBC}") = "Tyuiu.KoryakinaAE.Sprint1.Task4.V26", "Tyuiu.KoryakinaAE.Sprint1.Task4.V26\Tyuiu.KoryakinaAE.Sprint1.Task4.V26.csproj", "{C463D833-A08C-43CA-BDAA-517337FA6A59}"
EndProject
Project("{FAE04EC0-301F-11D3-BF4B-00C04F79EFBC}") = "Tyuiu.KoryakinaAE.Sprint1.Task4.V26.Lib", "Tyuiu.KoryakinaAE.Sprint1.Task4.V26.Lib\Tyuiu.KoryakinaAE.Sprint1.Task4.V26.Lib.csproj", "{EC3F0B02-8AAD-4243-88F7-FFE528595D2A}"
EndProject
Project("{FAE04EC0-301F-11D3-BF4B-00C04F79EFBC}") = "Tyuiu.KoryakinaAE.Sprint1.Task4.V26.Test", "Tyuiu.KoryakinaAE.Sprint1.Task4.V26.Test\Tyuiu.KoryakinaAE.Sprint1.Task4.V26.Test.csproj", "{0191CCD8-AE8D-468B-B537-501A19029308}"
EndProject
Project("{2150E333-8FDC-42A3-9474-1A3956D46DE8}") = "Task5", "Task5", "{F8A5D577-7AD3-47C9-B9DE-CA01A3495381}"
EndProject
Project("{FAE04EC0-301F-11D3-BF4B-00C04F79EFBC}") = "Tyuiu.KoryakinaAE.Sprint1.Task5.V4", "Tyuiu.KoryakinaAE.Sprint1.Task5.V4\Tyuiu.KoryakinaAE.Sprint1.Task5.V4.csproj", "{3F87EE10-203B-45BC-B163-A32C5609EC4C}"
EndProject
Project("{FAE04EC0-301F-11D3-BF4B-00C04F79EFBC}") = "Tyuiu.KoryakinaAE.Sprint1.Task5.V4.Lib", "Tyuiu.KoryakinaAE.Sprint1.Task5.V4.Lib\Tyuiu.KoryakinaAE.Sprint1.Task5.V4.Lib.csproj", "{7A297A8B-F04B-4D58-B78A-7FE04081C367}"
EndProject
Project("{FAE04EC0-301F-11D3-BF4B-00C04F79EFBC}") = "Tyuiu.KoryakinaAE.Sprint1.Task5.V4.Test", "Tyuiu.KoryakinaAE.Sprint1.Task5.V4.Test\Tyuiu.KoryakinaAE.Sprint1.Task5.V4.Test.csproj", "{EC16CE44-78B5-4A0A-AC3C-5AAB8EF2A07E}"
EndProject
Global
	GlobalSection(SolutionConfigurationPlatforms) = preSolution
		Debug|Any CPU = Debug|Any CPU
		Release|Any CPU = Release|Any CPU
	EndGlobalSection
	GlobalSection(ProjectConfigurationPlatforms) = postSolution
		{14EC48BF-09FC-4B7C-9BDE-77B0ABF4816F}.Debug|Any CPU.ActiveCfg = Debug|Any CPU
		{14EC48BF-09FC-4B7C-9BDE-77B0ABF4816F}.Debug|Any CPU.Build.0 = Debug|Any CPU
		{14EC48BF-09FC-4B7C-9BDE-77B0ABF4816F}.Release|Any CPU.ActiveCfg = Release|Any CPU
		{14EC48BF-09FC-4B7C-9BDE-77B0ABF4816F}.Release|Any CPU.Build.0 = Release|Any CPU
		{6AB44203-882D-4EA5-BC20-BCEDE849CF54}.Debug|Any CPU.ActiveCfg = Debug|Any CPU
		{6AB44203-882D-4EA5-BC20-BCEDE849CF54}.Debug|Any CPU.Build.0 = Debug|Any CPU
		{6AB44203-882D-4EA5-BC20-BCEDE849CF54}.Release|Any CPU.ActiveCfg = Release|Any CPU
		{6AB44203-882D-4EA5-BC20-BCEDE849CF54}.Release|Any CPU.Build.0 = Release|Any CPU
		{8680C2E3-2FBE-40CC-AAAF-D2F135D79DEA}.Debug|Any CPU.ActiveCfg = Debug|Any CPU
		{8680C2E3-2FBE-40CC-AAAF-D2F135D79DEA}.Debug|Any CPU.Build.0 = Debug|Any CPU
		{8680C2E3-2FBE-40CC-AAAF-D2F135D79DEA}.Release|Any CPU.ActiveCfg = Release|Any CPU
		{8680C2E3-2FBE-40CC-AAAF-D2F135D79DEA}.Release|Any CPU.Build.0 = Release|Any CPU
		{6AE64117-02EF-41F7-A549-C4F4525CC256}.Debug|Any CPU.ActiveCfg = Debug|Any CPU
		{6AE64117-02EF-41F7-A549-C4F4525CC256}.Debug|Any CPU.Build.0 = Debug|Any CPU
		{6AE64117-02EF-41F7-A549-C4F4525CC256}.Release|Any CPU.ActiveCfg = Release|Any CPU
		{6AE64117-02EF-41F7-A549-C4F4525CC256}.Release|Any CPU.Build.0 = Release|Any CPU
		{5F572C4E-5B7A-4582-883B-FFE359950CD8}.Debug|Any CPU.ActiveCfg = Debug|Any CPU
		{5F572C4E-5B7A-4582-883B-FFE359950CD8}.Debug|Any CPU.Build.0 = Debug|Any CPU
		{5F572C4E-5B7A-4582-883B-FFE359950CD8}.Release|Any CPU.ActiveCfg = Release|Any CPU
		{5F572C4E-5B7A-4582-883B-FFE359950CD8}.Release|Any CPU.Build.0 = Release|Any CPU
		{19E9937E-1E0D-4202-972E-C0F930A2D1B7}.Debug|Any CPU.ActiveCfg = Debug|Any CPU
		{19E9937E-1E0D-4202-972E-C0F930A2D1B7}.Debug|Any CPU.Build.0 = Debug|Any CPU
		{19E9937E-1E0D-4202-972E-C0F930A2D1B7}.Release|Any CPU.ActiveCfg = Release|Any CPU
		{19E9937E-1E0D-4202-972E-C0F930A2D1B7}.Release|Any CPU.Build.0 = Release|Any CPU
		{590CD72A-20F2-4E62-91FD-D26A7D40EE56}.Debug|Any CPU.ActiveCfg = Debug|Any CPU
		{590CD72A-20F2-4E62-91FD-D26A7D40EE56}.Debug|Any CPU.Build.0 = Debug|Any CPU
		{590CD72A-20F2-4E62-91FD-D26A7D40EE56}.Release|Any CPU.ActiveCfg = Release|Any CPU
		{590CD72A-20F2-4E62-91FD-D26A7D40EE56}.Release|Any CPU.Build.0 = Release|Any CPU
		{15A3EA0C-3D16-4A49-B2BE-C289610C4CB4}.Debug|Any CPU.ActiveCfg = Debug|Any CPU
		{15A3EA0C-3D16-4A49-B2BE-C289610C4CB4}.Debug|Any CPU.Build.0 = Debug|Any CPU
		{15A3EA0C-3D16-4A49-B2BE-C289610C4CB4}.Release|Any CPU.ActiveCfg = Release|Any CPU
		{15A3EA0C-3D16-4A49-B2BE-C289610C4CB4}.Release|Any CPU.Build.0 = Release|Any CPU
		{270EF55D-D13F-4ECE-AAC1-3DD0D167803C}.Debug|Any CPU.ActiveCfg = Debug|Any CPU
		{270EF55D-D13F-4ECE-AAC1-3DD0D167803C}.Debug|Any CPU.Build.0 = Debug|Any CPU
		{270EF55D-D13F-4ECE-AAC1-3DD0D167803C}.Release|Any CPU.ActiveCfg = Release|Any CPU
		{270EF55D-D13F-4ECE-AAC1-3DD0D167803C}.Release|Any CPU.Build.0 = Release|Any CPU
		{CC8986CB-5888-4C48-8CEC-FE7C7958883E}.Debug|Any CPU.ActiveCfg = Debug|Any CPU
		{CC8986CB-5888-4C48-8CEC-FE7C7958883E}.Debug|Any CPU.Build.0 = Debug|Any CPU
		{CC8986CB-5888-4C48-8CEC-FE7C7958883E}.Release|Any CPU.ActiveCfg = Release|Any CPU
		{CC8986CB-5888-4C48-8CEC-FE7C7958883E}.Release|Any CPU.Build.0 = Release|Any CPU
		{2EF76874-C6CA-412B-B29B-A8D0B535463A}.Debug|Any CPU.ActiveCfg = Debug|Any CPU
		{2EF76874-C6CA-412B-B29B-A8D0B535463A}.Debug|Any CPU.Build.0 = Debug|Any CPU
		{2EF76874-C6CA-412B-B29B-A8D0B535463A}.Release|Any CPU.ActiveCfg = Release|Any CPU
		{2EF76874-C6CA-412B-B29B-A8D0B535463A}.Release|Any CPU.Build.0 = Release|Any CPU
		{B0A911B3-A7A0-460B-B794-FC0B6D468891}.Debug|Any CPU.ActiveCfg = Debug|Any CPU
		{B0A911B3-A7A0-460B-B794-FC0B6D468891}.Debug|Any CPU.Build.0 = Debug|Any CPU
		{B0A911B3-A7A0-460B-B794-FC0B6D468891}.Release|Any CPU.ActiveCfg = Release|Any CPU
		{B0A911B3-A7A0-460B-B794-FC0B6D468891}.Release|Any CPU.Build.0 = Release|Any CPU
		{C463D833-A08C-43CA-BDAA-517337FA6A59}.Debug|Any CPU.ActiveCfg = Debug|Any CPU
		{C463D833-A08C-43CA-BDAA-517337FA6A59}.Debug|Any CPU.Build.0 = Debug|Any CPU
		{C463D833-A08C-43CA-BDAA-517337FA6A59}.Release|Any CPU.ActiveCfg = Release|Any CPU
		{C463D833-A08C-43CA-BDAA-517337FA6A59}.Release|Any CPU.Build.0 = Release|Any CPU
		{EC3F0B02-8AAD-4243-88F7-FFE528595D2A}.Debug|Any CPU.ActiveCfg = Debug|Any CPU
		{EC3F0B02-8AAD-4243-88F7-FFE528595D2A}.Debug|Any CPU.Build.0 = Debug|Any CPU
		{EC3F0B02-8AAD-4243-88F7-FFE528595D2A}.Release|Any CPU.ActiveCfg = Release|Any CPU
		{EC3F0B02-8AAD-4243-88F7-FFE528595D2A}.Release|Any CPU.Build.0 = Release|Any CPU
		{0191CCD8-AE8D-468B-B537-501A19029308}.Debug|Any CPU.ActiveCfg = Debug|Any CPU
		{0191CCD8-AE8D-468B-B537-501A19029308}.Debug|Any CPU.Build.0 = Debug|Any CPU
		{0191CCD8-AE8D-468B-B537-501A19029308}.Release|Any CPU.ActiveCfg = Release|Any CPU
		{0191CCD8-AE8D-468B-B537-501A19029308}.Release|Any CPU.Build.0 = Release|Any CPU
		{3F87EE10-203B-45BC-B163-A32C5609EC4C}.Debug|Any CPU.ActiveCfg = Debug|Any CPU
		{3F87EE10-203B-45BC-B163-A32C5609EC4C}.Debug|Any CPU.Build.0 = Debug|Any CPU
		{3F87EE10-203B-45BC-B163-A32C5609EC4C}.Release|Any CPU.ActiveCfg = Release|Any CPU
		{3F87EE10-203B-45BC-B163-A32C5609EC4C}.Release|Any CPU.Build.0 = Release|Any CPU
		{7A297A8B-F04B-4D58-B78A-7FE04081C367}.Debug|Any CPU.ActiveCfg = Debug|Any CPU
		{7A297A8B-F04B-4D58-B78A-7FE04081C367}.Debug|Any CPU.Build.0 = Debug|Any CPU
		{7A297A8B-F04B-4D58-B78A-7FE04081C367}.Release|Any CPU.ActiveCfg = Release|Any CPU
		{7A297A8B-F04B-4D58-B78A-7FE04081C367}.Release|Any CPU.Build.0 = Release|Any CPU
		{EC16CE44-78B5-4A0A-AC3C-5AAB8EF2A07E}.Debug|Any CPU.ActiveCfg = Debug|Any CPU
		{EC16CE44-78B5-4A0A-AC3C-5AAB8EF2A07E}.Debug|Any CPU.Build.0 = Debug|Any CPU
		{EC16CE44-78B5-4A0A-AC3C-5AAB8EF2A07E}.Release|Any CPU.ActiveCfg = Release|Any CPU
		{EC16CE44-78B5-4A0A-AC3C-5AAB8EF2A07E}.Release|Any CPU.Build.0 = Release|Any CPU
	EndGlobalSection
	GlobalSection(SolutionProperties) = preSolution
		HideSolutionNode = FALSE
	EndGlobalSection
	GlobalSection(NestedProjects) = preSolution
		{14EC48BF-09FC-4B7C-9BDE-77B0ABF4816F} = {02EA681E-C7D8-13C7-8484-4AC65E1B71E8}
		{6AB44203-882D-4EA5-BC20-BCEDE849CF54} = {02EA681E-C7D8-13C7-8484-4AC65E1B71E8}
		{8680C2E3-2FBE-40CC-AAAF-D2F135D79DEA} = {02EA681E-C7D8-13C7-8484-4AC65E1B71E8}
		{6AE64117-02EF-41F7-A549-C4F4525CC256} = {BEB0A90C-7F1F-4842-9C65-E3894C74749E}
		{5F572C4E-5B7A-4582-883B-FFE359950CD8} = {BEB0A90C-7F1F-4842-9C65-E3894C74749E}
		{19E9937E-1E0D-4202-972E-C0F930A2D1B7} = {BEB0A90C-7F1F-4842-9C65-E3894C74749E}
		{590CD72A-20F2-4E62-91FD-D26A7D40EE56} = {37FF7B9D-2FA1-45BA-870D-92AF0D9DB710}
		{15A3EA0C-3D16-4A49-B2BE-C289610C4CB4} = {37FF7B9D-2FA1-45BA-870D-92AF0D9DB710}
		{270EF55D-D13F-4ECE-AAC1-3DD0D167803C} = {37FF7B9D-2FA1-45BA-870D-92AF0D9DB710}
		{CC8986CB-5888-4C48-8CEC-FE7C7958883E} = {C69611AB-B8B8-457C-9161-795E18AC97FC}
		{2EF76874-C6CA-412B-B29B-A8D0B535463A} = {C69611AB-B8B8-457C-9161-795E18AC97FC}
		{B0A911B3-A7A0-460B-B794-FC0B6D468891} = {C69611AB-B8B8-457C-9161-795E18AC97FC}
		{C463D833-A08C-43CA-BDAA-517337FA6A59} = {8468931D-471D-4DFE-A1AA-D88D9EB3DA65}
		{EC3F0B02-8AAD-4243-88F7-FFE528595D2A} = {8468931D-471D-4DFE-A1AA-D88D9EB3DA65}
		{0191CCD8-AE8D-468B-B537-501A19029308} = {8468931D-471D-4DFE-A1AA-D88D9EB3DA65}
		{3F87EE10-203B-45BC-B163-A32C5609EC4C} = {F8A5D577-7AD3-47C9-B9DE-CA01A3495381}
		{7A297A8B-F04B-4D58-B78A-7FE04081C367} = {F8A5D577-7AD3-47C9-B9DE-CA01A3495381}
		{EC16CE44-78B5-4A0A-AC3C-5AAB8EF2A07E} = {F8A5D577-7AD3-47C9-B9DE-CA01A3495381}
	EndGlobalSection
	GlobalSection(ExtensibilityGlobals) = postSolution
		SolutionGuid = {A4BE1D67-EC21-4A3E-BC5E-6DDA49B417CE}
	EndGlobalSection
EndGlobal
